
Microsoft Visual Studio Solution File, Format Version 12.00
# Visual Studio Version 16
VisualStudioVersion = 16.0.30413.136
MinimumVisualStudioVersion = 10.0.40219.1
Project("{FAE04EC0-301F-11D3-BF4B-00C04F79EFBC}") = "호텔객실", "ConsoleApp2\호텔객실.csproj", "{57EB03B2-5BAB-45F6-9895-6F26FF3C24E1}"
EndProject
Global
	GlobalSection(SolutionConfigurationPlatforms) = preSolution
		Debug|Any CPU = Debug|Any CPU
		Release|Any CPU = Release|Any CPU
	EndGlobalSection
	GlobalSection(ProjectConfigurationPlatforms) = postSolution
		{57EB03B2-5BAB-45F6-9895-6F26FF3C24E1}.Debug|Any CPU.ActiveCfg = Debug|Any CPU
		{57EB03B2-5BAB-45F6-9895-6F26FF3C24E1}.Debug|Any CPU.Build.0 = Debug|Any CPU
		{57EB03B2-5BAB-45F6-9895-6F26FF3C24E1}.Release|Any CPU.ActiveCfg = Release|Any CPU
		{57EB03B2-5BAB-45F6-9895-6F26FF3C24E1}.Release|Any CPU.Build.0 = Release|Any CPU
	EndGlobalSection
	GlobalSection(SolutionProperties) = preSolution
		HideSolutionNode = FALSE
	EndGlobalSection
	GlobalSection(ExtensibilityGlobals) = postSolution
		SolutionGuid = {7DE0868F-BB3D-4561-9B38-674AD763A2CE}
	EndGlobalSection
EndGlobal
